
Microsoft Visual Studio Solution File, Format Version 12.00
# Visual Studio 15
VisualStudioVersion = 15.0.28307.1145
MinimumVisualStudioVersion = 10.0.40219.1
Project("{FAE04EC0-301F-11D3-BF4B-00C04F79EFBC}") = "TrackerAPI", "TrackerAPI\TrackerAPI.csproj", "{12F3130F-5B86-4870-BC40-A8580AA9DCAE}"
EndProject
Global
	GlobalSection(SolutionConfigurationPlatforms) = preSolution
		Debug|Any CPU = Debug|Any CPU
		Release|Any CPU = Release|Any CPU
	EndGlobalSection
	GlobalSection(ProjectConfigurationPlatforms) = postSolution
		{12F3130F-5B86-4870-BC40-A8580AA9DCAE}.Debug|Any CPU.ActiveCfg = Debug|Any CPU
		{12F3130F-5B86-4870-BC40-A8580AA9DCAE}.Debug|Any CPU.Build.0 = Debug|Any CPU
		{12F3130F-5B86-4870-BC40-A8580AA9DCAE}.Release|Any CPU.ActiveCfg = Release|Any CPU
		{12F3130F-5B86-4870-BC40-A8580AA9DCAE}.Release|Any CPU.Build.0 = Release|Any CPU
	EndGlobalSection
	GlobalSection(SolutionProperties) = preSolution
		HideSolutionNode = FALSE
	EndGlobalSection
	GlobalSection(ExtensibilityGlobals) = postSolution
		SolutionGuid = {7B0EAA85-6A83-4ACC-B7EC-599B121F4CED}
	EndGlobalSection
EndGlobal
